
Microsoft Visual Studio Solution File, Format Version 12.00
# Visual Studio 15
VisualStudioVersion = 15.0.27130.2024
MinimumVisualStudioVersion = 10.0.40219.1
Project("{8BC9CEB8-8B4A-11D0-8D11-00A0C91BC942}") = "OpenGL_Project", "OpenGL_Project\OpenGL_Project.vcxproj", "{962F9F06-B2B2-4F5E-BF10-680A7CFF8E5B}"
EndProject
Global
	GlobalSection(SolutionConfigurationPlatforms) = preSolution
		Debug|x64 = Debug|x64
		Debug|x86 = Debug|x86
		Release|x64 = Release|x64
		Release|x86 = Release|x86
	EndGlobalSection
	GlobalSection(ProjectConfigurationPlatforms) = postSolution
		{962F9F06-B2B2-4F5E-BF10-680A7CFF8E5B}.Debug|x64.ActiveCfg = Debug|x64
		{962F9F06-B2B2-4F5E-BF10-680A7CFF8E5B}.Debug|x64.Build.0 = Debug|x64
		{962F9F06-B2B2-4F5E-BF10-680A7CFF8E5B}.Debug|x86.ActiveCfg = Debug|Win32
		{962F9F06-B2B2-4F5E-BF10-680A7CFF8E5B}.Debug|x86.Build.0 = Debug|Win32
		{962F9F06-B2B2-4F5E-BF10-680A7CFF8E5B}.Release|x64.ActiveCfg = Release|x64
		{962F9F06-B2B2-4F5E-BF10-680A7CFF8E5B}.Release|x64.Build.0 = Release|x64
		{962F9F06-B2B2-4F5E-BF10-680A7CFF8E5B}.Release|x86.ActiveCfg = Release|Win32
		{962F9F06-B2B2-4F5E-BF10-680A7CFF8E5B}.Release|x86.Build.0 = Release|Win32
	EndGlobalSection
	GlobalSection(SolutionProperties) = preSolution
		HideSolutionNode = FALSE
	EndGlobalSection
	GlobalSection(ExtensibilityGlobals) = postSolution
		SolutionGuid = {BEA74BAD-095B-4816-B4A2-D4BAE7A64B18}
	EndGlobalSection
EndGlobal
